// !$*UTF8*$!
{
	archiveVersion = 1;
	classes = {
	};
	objectVersion = 56;
	objects = {

/* Begin PBXBuildFile section */
		2B1595592B94F62800FA673B /* ContentView.swift in Sources */ = {isa = PBXBuildFile; fileRef = 2B1595582B94F62800FA673B /* ContentView.swift */; };
		2B53CB7F2B94D3E00082C8E0 /* LandmarksApp.swift in Sources */ = {isa = PBXBuildFile; fileRef = 2B53CB7E2B94D3E00082C8E0 /* LandmarksApp.swift */; };
		2B53CB842B94D3E00082C8E0 /* Landmarks.xcdatamodeld in Sources */ = {isa = PBXBuildFile; fileRef = 2B53CB822B94D3E00082C8E0 /* Landmarks.xcdatamodeld */; };
		2B53CB882B94D3E10082C8E0 /* Assets.xcassets in Resources */ = {isa = PBXBuildFile; fileRef = 2B53CB872B94D3E10082C8E0 /* Assets.xcassets */; };
		2B53CB8C2B94D3E10082C8E0 /* Preview Assets.xcassets in Resources */ = {isa = PBXBuildFile; fileRef = 2B53CB8B2B94D3E10082C8E0 /* Preview Assets.xcassets */; };
		2B53CB962B94D3E10082C8E0 /* LandmarksTests.swift in Sources */ = {isa = PBXBuildFile; fileRef = 2B53CB952B94D3E10082C8E0 /* LandmarksTests.swift */; };
		2B53CBA02B94D3E10082C8E0 /* LandmarksUITests.swift in Sources */ = {isa = PBXBuildFile; fileRef = 2B53CB9F2B94D3E10082C8E0 /* LandmarksUITests.swift */; };
		2B53CBA22B94D3E10082C8E0 /* LandmarksUITestsLaunchTests.swift in Sources */ = {isa = PBXBuildFile; fileRef = 2B53CBA12B94D3E10082C8E0 /* LandmarksUITestsLaunchTests.swift */; };
		2B53CBAF2B94DD270082C8E0 /* CircleImage.swift in Sources */ = {isa = PBXBuildFile; fileRef = 2B53CBAE2B94DD270082C8E0 /* CircleImage.swift */; };
		2B53CBB12B94DF060082C8E0 /* MapView.swift in Sources */ = {isa = PBXBuildFile; fileRef = 2B53CBB02B94DF060082C8E0 /* MapView.swift */; };
		2B53CBB52B94E2CB0082C8E0 /* Landmark.swift in Sources */ = {isa = PBXBuildFile; fileRef = 2B53CBB42B94E2CB0082C8E0 /* Landmark.swift */; };
		2B53CBB72B94E4E80082C8E0 /* ModelData.swift in Sources */ = {isa = PBXBuildFile; fileRef = 2B53CBB62B94E4E80082C8E0 /* ModelData.swift */; };
		2B53CBC02B94EBAF0082C8E0 /* LandmarkRow.swift in Sources */ = {isa = PBXBuildFile; fileRef = 2B53CBBF2B94EBAF0082C8E0 /* LandmarkRow.swift */; };
		2B53CBC22B94EE700082C8E0 /* LandmarkList.swift in Sources */ = {isa = PBXBuildFile; fileRef = 2B53CBC12B94EE700082C8E0 /* LandmarkList.swift */; };
		2B53CBC42B94EF790082C8E0 /* LandmarkDetail.swift in Sources */ = {isa = PBXBuildFile; fileRef = 2B53CBC32B94EF790082C8E0 /* LandmarkDetail.swift */; };
		2B53CBCA2B94F1F20082C8E0 /* landmarkData.json in Resources */ = {isa = PBXBuildFile; fileRef = 2B53CBC92B94F1F20082C8E0 /* landmarkData.json */; };
/* End PBXBuildFile section */

/* Begin PBXContainerItemProxy section */
		2B53CB922B94D3E10082C8E0 /* PBXContainerItemProxy */ = {
			isa = PBXContainerItemProxy;
			containerPortal = 2B53CB732B94D3E00082C8E0 /* Project object */;
			proxyType = 1;
			remoteGlobalIDString = 2B53CB7A2B94D3E00082C8E0;
			remoteInfo = Landmarks;
		};
		2B53CB9C2B94D3E10082C8E0 /* PBXContainerItemProxy */ = {
			isa = PBXContainerItemProxy;
			containerPortal = 2B53CB732B94D3E00082C8E0 /* Project object */;
			proxyType = 1;
			remoteGlobalIDString = 2B53CB7A2B94D3E00082C8E0;
			remoteInfo = Landmarks;
		};
/* End PBXContainerItemProxy section */

/* Begin PBXFileReference section */
		2B1595582B94F62800FA673B /* ContentView.swift */ = {isa = PBXFileReference; lastKnownFileType = sourcecode.swift; path = ContentView.swift; sourceTree = "<group>"; };
		2B53CB7B2B94D3E00082C8E0 /* Landmarks.app */ = {isa = PBXFileReference; explicitFileType = wrapper.application; includeInIndex = 0; path = Landmarks.app; sourceTree = BUILT_PRODUCTS_DIR; };
		2B53CB7E2B94D3E00082C8E0 /* LandmarksApp.swift */ = {isa = PBXFileReference; lastKnownFileType = sourcecode.swift; path = LandmarksApp.swift; sourceTree = "<group>"; };
		2B53CB832B94D3E00082C8E0 /* Landmarks.xcdatamodel */ = {isa = PBXFileReference; lastKnownFileType = wrapper.xcdatamodel; path = Landmarks.xcdatamodel; sourceTree = "<group>"; };
		2B53CB872B94D3E10082C8E0 /* Assets.xcassets */ = {isa = PBXFileReference; lastKnownFileType = folder.assetcatalog; path = Assets.xcassets; sourceTree = "<group>"; };
		2B53CB892B94D3E10082C8E0 /* Landmarks.entitlements */ = {isa = PBXFileReference; lastKnownFileType = text.plist.entitlements; path = Landmarks.entitlements; sourceTree = "<group>"; };
		2B53CB8B2B94D3E10082C8E0 /* Preview Assets.xcassets */ = {isa = PBXFileReference; lastKnownFileType = folder.assetcatalog; path = "Preview Assets.xcassets"; sourceTree = "<group>"; };
		2B53CB912B94D3E10082C8E0 /* LandmarksTests.xctest */ = {isa = PBXFileReference; explicitFileType = wrapper.cfbundle; includeInIndex = 0; path = LandmarksTests.xctest; sourceTree = BUILT_PRODUCTS_DIR; };
		2B53CB952B94D3E10082C8E0 /* LandmarksTests.swift */ = {isa = PBXFileReference; lastKnownFileType = sourcecode.swift; path = LandmarksTests.swift; sourceTree = "<group>"; };
		2B53CB9B2B94D3E10082C8E0 /* LandmarksUITests.xctest */ = {isa = PBXFileReference; explicitFileType = wrapper.cfbundle; includeInIndex = 0; path = LandmarksUITests.xctest; sourceTree = BUILT_PRODUCTS_DIR; };
		2B53CB9F2B94D3E10082C8E0 /* LandmarksUITests.swift */ = {isa = PBXFileReference; lastKnownFileType = sourcecode.swift; path = LandmarksUITests.swift; sourceTree = "<group>"; };
		2B53CBA12B94D3E10082C8E0 /* LandmarksUITestsLaunchTests.swift */ = {isa = PBXFileReference; lastKnownFileType = sourcecode.swift; path = LandmarksUITestsLaunchTests.swift; sourceTree = "<group>"; };
		2B53CBAE2B94DD270082C8E0 /* CircleImage.swift */ = {isa = PBXFileReference; lastKnownFileType = sourcecode.swift; path = CircleImage.swift; sourceTree = "<group>"; };
		2B53CBB02B94DF060082C8E0 /* MapView.swift */ = {isa = PBXFileReference; lastKnownFileType = sourcecode.swift; path = MapView.swift; sourceTree = "<group>"; };
		2B53CBB42B94E2CB0082C8E0 /* Landmark.swift */ = {isa = PBXFileReference; lastKnownFileType = sourcecode.swift; path = Landmark.swift; sourceTree = "<group>"; };
		2B53CBB62B94E4E80082C8E0 /* ModelData.swift */ = {isa = PBXFileReference; lastKnownFileType = sourcecode.swift; path = ModelData.swift; sourceTree = "<group>"; };
		2B53CBBF2B94EBAF0082C8E0 /* LandmarkRow.swift */ = {isa = PBXFileReference; lastKnownFileType = sourcecode.swift; path = LandmarkRow.swift; sourceTree = "<group>"; };
		2B53CBC12B94EE700082C8E0 /* LandmarkList.swift */ = {isa = PBXFileReference; lastKnownFileType = sourcecode.swift; path = LandmarkList.swift; sourceTree = "<group>"; };
		2B53CBC32B94EF790082C8E0 /* LandmarkDetail.swift */ = {isa = PBXFileReference; lastKnownFileType = sourcecode.swift; path = LandmarkDetail.swift; sourceTree = "<group>"; };
		2B53CBC92B94F1F20082C8E0 /* landmarkData.json */ = {isa = PBXFileReference; fileEncoding = 4; lastKnownFileType = text.json; path = landmarkData.json; sourceTree = "<group>"; };
/* End PBXFileReference section */

/* Begin PBXFrameworksBuildPhase section */
		2B53CB782B94D3E00082C8E0 /* Frameworks */ = {
			isa = PBXFrameworksBuildPhase;
			buildActionMask = 2147483647;
			files = (
			);
			runOnlyForDeploymentPostprocessing = 0;
		};
		2B53CB8E2B94D3E10082C8E0 /* Frameworks */ = {
			isa = PBXFrameworksBuildPhase;
			buildActionMask = 2147483647;
			files = (
			);
			runOnlyForDeploymentPostprocessing = 0;
		};
		2B53CB982B94D3E10082C8E0 /* Frameworks */ = {
			isa = PBXFrameworksBuildPhase;
			buildActionMask = 2147483647;
			files = (
			);
			runOnlyForDeploymentPostprocessing = 0;
		};
/* End PBXFrameworksBuildPhase section */

/* Begin PBXGroup section */
		2B53CB722B94D3E00082C8E0 = {
			isa = PBXGroup;
			children = (
				2B53CB7D2B94D3E00082C8E0 /* Landmarks */,
				2B53CB942B94D3E10082C8E0 /* LandmarksTests */,
				2B53CB9E2B94D3E10082C8E0 /* LandmarksUITests */,
				2B53CB7C2B94D3E00082C8E0 /* Products */,
			);
			sourceTree = "<group>";
		};
		2B53CB7C2B94D3E00082C8E0 /* Products */ = {
			isa = PBXGroup;
			children = (
				2B53CB7B2B94D3E00082C8E0 /* Landmarks.app */,
				2B53CB912B94D3E10082C8E0 /* LandmarksTests.xctest */,
				2B53CB9B2B94D3E10082C8E0 /* LandmarksUITests.xctest */,
			);
			name = Products;
			sourceTree = "<group>";
		};
		2B53CB7D2B94D3E00082C8E0 /* Landmarks */ = {
			isa = PBXGroup;
			children = (
				2B53CB7E2B94D3E00082C8E0 /* LandmarksApp.swift */,
				2B53CBB92B94EA440082C8E0 /* Views */,
				2B53CBBA2B94EA520082C8E0 /* Model */,
				2B53CBCB2B94F1FD0082C8E0 /* Resources */,
				2B53CB872B94D3E10082C8E0 /* Assets.xcassets */,
				2B53CB892B94D3E10082C8E0 /* Landmarks.entitlements */,
				2B53CB822B94D3E00082C8E0 /* Landmarks.xcdatamodeld */,
				2B53CB8A2B94D3E10082C8E0 /* Preview Content */,
			);
			path = Landmarks;
			sourceTree = "<group>";
		};
		2B53CB8A2B94D3E10082C8E0 /* Preview Content */ = {
			isa = PBXGroup;
			children = (
				2B53CB8B2B94D3E10082C8E0 /* Preview Assets.xcassets */,
			);
			path = "Preview Content";
			sourceTree = "<group>";
		};
		2B53CB942B94D3E10082C8E0 /* LandmarksTests */ = {
			isa = PBXGroup;
			children = (
				2B53CB952B94D3E10082C8E0 /* LandmarksTests.swift */,
			);
			path = LandmarksTests;
			sourceTree = "<group>";
		};
		2B53CB9E2B94D3E10082C8E0 /* LandmarksUITests */ = {
			isa = PBXGroup;
			children = (
				2B53CB9F2B94D3E10082C8E0 /* LandmarksUITests.swift */,
				2B53CBA12B94D3E10082C8E0 /* LandmarksUITestsLaunchTests.swift */,
			);
			path = LandmarksUITests;
			sourceTree = "<group>";
		};
		2B53CBB92B94EA440082C8E0 /* Views */ = {
			isa = PBXGroup;
			children = (
				2B53CBC12B94EE700082C8E0 /* LandmarkList.swift */,
				2B53CBC32B94EF790082C8E0 /* LandmarkDetail.swift */,
				2B1595582B94F62800FA673B /* ContentView.swift */,
				2B53CBAE2B94DD270082C8E0 /* CircleImage.swift */,
				2B53CBBF2B94EBAF0082C8E0 /* LandmarkRow.swift */,
				2B53CBB02B94DF060082C8E0 /* MapView.swift */,
			);
			path = Views;
			sourceTree = "<group>";
		};
		2B53CBBA2B94EA520082C8E0 /* Model */ = {
			isa = PBXGroup;
			children = (
				2B53CBB42B94E2CB0082C8E0 /* Landmark.swift */,
				2B53CBB62B94E4E80082C8E0 /* ModelData.swift */,
			);
			path = Model;
			sourceTree = "<group>";
		};
		2B53CBCB2B94F1FD0082C8E0 /* Resources */ = {
			isa = PBXGroup;
			children = (
				2B53CBC92B94F1F20082C8E0 /* landmarkData.json */,
			);
			path = Resources;
			sourceTree = "<group>";
		};
/* End PBXGroup section */

/* Begin PBXNativeTarget section */
		2B53CB7A2B94D3E00082C8E0 /* Landmarks */ = {
			isa = PBXNativeTarget;
			buildConfigurationList = 2B53CBA52B94D3E10082C8E0 /* Build configuration list for PBXNativeTarget "Landmarks" */;
			buildPhases = (
				2B53CB772B94D3E00082C8E0 /* Sources */,
				2B53CB782B94D3E00082C8E0 /* Frameworks */,
				2B53CB792B94D3E00082C8E0 /* Resources */,
			);
			buildRules = (
			);
			dependencies = (
			);
			name = Landmarks;
			productName = Landmarks;
			productReference = 2B53CB7B2B94D3E00082C8E0 /* Landmarks.app */;
			productType = "com.apple.product-type.application";
		};
		2B53CB902B94D3E10082C8E0 /* LandmarksTests */ = {
			isa = PBXNativeTarget;
			buildConfigurationList = 2B53CBA82B94D3E10082C8E0 /* Build configuration list for PBXNativeTarget "LandmarksTests" */;
			buildPhases = (
				2B53CB8D2B94D3E10082C8E0 /* Sources */,
				2B53CB8E2B94D3E10082C8E0 /* Frameworks */,
				2B53CB8F2B94D3E10082C8E0 /* Resources */,
			);
			buildRules = (
			);
			dependencies = (
				2B53CB932B94D3E10082C8E0 /* PBXTargetDependency */,
			);
			name = LandmarksTests;
			productName = LandmarksTests;
			productReference = 2B53CB912B94D3E10082C8E0 /* LandmarksTests.xctest */;
			productType = "com.apple.product-type.bundle.unit-test";
		};
		2B53CB9A2B94D3E10082C8E0 /* LandmarksUITests */ = {
			isa = PBXNativeTarget;
			buildConfigurationList = 2B53CBAB2B94D3E10082C8E0 /* Build configuration list for PBXNativeTarget "LandmarksUITests" */;
			buildPhases = (
				2B53CB972B94D3E10082C8E0 /* Sources */,
				2B53CB982B94D3E10082C8E0 /* Frameworks */,
				2B53CB992B94D3E10082C8E0 /* Resources */,
			);
			buildRules = (
			);
			dependencies = (
				2B53CB9D2B94D3E10082C8E0 /* PBXTargetDependency */,
			);
			name = LandmarksUITests;
			productName = LandmarksUITests;
			productReference = 2B53CB9B2B94D3E10082C8E0 /* LandmarksUITests.xctest */;
			productType = "com.apple.product-type.bundle.ui-testing";
		};
/* End PBXNativeTarget section */

/* Begin PBXProject section */
		2B53CB732B94D3E00082C8E0 /* Project object */ = {
			isa = PBXProject;
			attributes = {
				BuildIndependentTargetsInParallel = 1;
				LastSwiftUpdateCheck = 1520;
				LastUpgradeCheck = 1520;
				TargetAttributes = {
					2B53CB7A2B94D3E00082C8E0 = {
						CreatedOnToolsVersion = 15.2;
					};
					2B53CB902B94D3E10082C8E0 = {
						CreatedOnToolsVersion = 15.2;
						TestTargetID = 2B53CB7A2B94D3E00082C8E0;
					};
					2B53CB9A2B94D3E10082C8E0 = {
						CreatedOnToolsVersion = 15.2;
						TestTargetID = 2B53CB7A2B94D3E00082C8E0;
					};
				};
			};
			buildConfigurationList = 2B53CB762B94D3E00082C8E0 /* Build configuration list for PBXProject "Landmarks" */;
			compatibilityVersion = "Xcode 14.0";
			developmentRegion = en;
			hasScannedForEncodings = 0;
			knownRegions = (
				en,
				Base,
			);
			mainGroup = 2B53CB722B94D3E00082C8E0;
			productRefGroup = 2B53CB7C2B94D3E00082C8E0 /* Products */;
			projectDirPath = "";
			projectRoot = "";
			targets = (
				2B53CB7A2B94D3E00082C8E0 /* Landmarks */,
				2B53CB902B94D3E10082C8E0 /* LandmarksTests */,
				2B53CB9A2B94D3E10082C8E0 /* LandmarksUITests */,
			);
		};
/* End PBXProject section */

/* Begin PBXResourcesBuildPhase section */
		2B53CB792B94D3E00082C8E0 /* Resources */ = {
			isa = PBXResourcesBuildPhase;
			buildActionMask = 2147483647;
			files = (
				2B53CB8C2B94D3E10082C8E0 /* Preview Assets.xcassets in Resources */,
				2B53CB882B94D3E10082C8E0 /* Assets.xcassets in Resources */,
				2B53CBCA2B94F1F20082C8E0 /* landmarkData.json in Resources */,
			);
			runOnlyForDeploymentPostprocessing = 0;
		};
		2B53CB8F2B94D3E10082C8E0 /* Resources */ = {
			isa = PBXResourcesBuildPhase;
			buildActionMask = 2147483647;
			files = (
			);
			runOnlyForDeploymentPostprocessing = 0;
		};
		2B53CB992B94D3E10082C8E0 /* Resources */ = {
			isa = PBXResourcesBuildPhase;
			buildActionMask = 2147483647;
			files = (
			);
			runOnlyForDeploymentPostprocessing = 0;
		};
/* End PBXResourcesBuildPhase section */

/* Begin PBXSourcesBuildPhase section */
		2B53CB772B94D3E00082C8E0 /* Sources */ = {
			isa = PBXSourcesBuildPhase;
			buildActionMask = 2147483647;
			files = (
				2B53CB7F2B94D3E00082C8E0 /* LandmarksApp.swift in Sources */,
				2B53CBB52B94E2CB0082C8E0 /* Landmark.swift in Sources */,
				2B53CBAF2B94DD270082C8E0 /* CircleImage.swift in Sources */,
				2B53CBB12B94DF060082C8E0 /* MapView.swift in Sources */,
				2B53CBC22B94EE700082C8E0 /* LandmarkList.swift in Sources */,
				2B53CB842B94D3E00082C8E0 /* Landmarks.xcdatamodeld in Sources */,
				2B1595592B94F62800FA673B /* ContentView.swift in Sources */,
				2B53CBC02B94EBAF0082C8E0 /* LandmarkRow.swift in Sources */,
				2B53CBC42B94EF790082C8E0 /* LandmarkDetail.swift in Sources */,
				2B53CBB72B94E4E80082C8E0 /* ModelData.swift in Sources */,
			);
			runOnlyForDeploymentPostprocessing = 0;
		};
		2B53CB8D2B94D3E10082C8E0 /* Sources */ = {
			isa = PBXSourcesBuildPhase;
			buildActionMask = 2147483647;
			files = (
				2B53CB962B94D3E10082C8E0 /* LandmarksTests.swift in Sources */,
			);
			runOnlyForDeploymentPostprocessing = 0;
		};
		2B53CB972B94D3E10082C8E0 /* Sources */ = {
			isa = PBXSourcesBuildPhase;
			buildActionMask = 2147483647;
			files = (
				2B53CBA22B94D3E10082C8E0 /* LandmarksUITestsLaunchTests.swift in Sources */,
				2B53CBA02B94D3E10082C8E0 /* LandmarksUITests.swift in Sources */,
			);
			runOnlyForDeploymentPostprocessing = 0;
		};
/* End PBXSourcesBuildPhase section */

/* Begin PBXTargetDependency section */
		2B53CB932B94D3E10082C8E0 /* PBXTargetDependency */ = {
			isa = PBXTargetDependency;
			target = 2B53CB7A2B94D3E00082C8E0 /* Landmarks */;
			targetProxy = 2B53CB922B94D3E10082C8E0 /* PBXContainerItemProxy */;
		};
		2B53CB9D2B94D3E10082C8E0 /* PBXTargetDependency */ = {
			isa = PBXTargetDependency;
			target = 2B53CB7A2B94D3E00082C8E0 /* Landmarks */;
			targetProxy = 2B53CB9C2B94D3E10082C8E0 /* PBXContainerItemProxy */;
		};
/* End PBXTargetDependency section */

/* Begin XCBuildConfiguration section */
		2B53CBA32B94D3E10082C8E0 /* Debug */ = {
			isa = XCBuildConfiguration;
			buildSettings = {
				ALWAYS_SEARCH_USER_PATHS = NO;
				ASSETCATALOG_COMPILER_GENERATE_SWIFT_ASSET_SYMBOL_EXTENSIONS = YES;
				CLANG_ANALYZER_NONNULL = YES;
				CLANG_ANALYZER_NUMBER_OBJECT_CONVERSION = YES_AGGRESSIVE;
				CLANG_CXX_LANGUAGE_STANDARD = "gnu++20";
				CLANG_ENABLE_MODULES = YES;
				CLANG_ENABLE_OBJC_ARC = YES;
				CLANG_ENABLE_OBJC_WEAK = YES;
				CLANG_WARN_BLOCK_CAPTURE_AUTORELEASING = YES;
				CLANG_WARN_BOOL_CONVERSION = YES;
				CLANG_WARN_COMMA = YES;
				CLANG_WARN_CONSTANT_CONVERSION = YES;
				CLANG_WARN_DEPRECATED_OBJC_IMPLEMENTATIONS = YES;
				CLANG_WARN_DIRECT_OBJC_ISA_USAGE = YES_ERROR;
				CLANG_WARN_DOCUMENTATION_COMMENTS = YES;
				CLANG_WARN_EMPTY_BODY = YES;
				CLANG_WARN_ENUM_CONVERSION = YES;
				CLANG_WARN_INFINITE_RECURSION = YES;
				CLANG_WARN_INT_CONVERSION = YES;
				CLANG_WARN_NON_LITERAL_NULL_CONVERSION = YES;
				CLANG_WARN_OBJC_IMPLICIT_RETAIN_SELF = YES;
				CLANG_WARN_OBJC_LITERAL_CONVERSION = YES;
				CLANG_WARN_OBJC_ROOT_CLASS = YES_ERROR;
				CLANG_WARN_QUOTED_INCLUDE_IN_FRAMEWORK_HEADER = YES;
				CLANG_WARN_RANGE_LOOP_ANALYSIS = YES;
				CLANG_WARN_STRICT_PROTOTYPES = YES;
				CLANG_WARN_SUSPICIOUS_MOVE = YES;
				CLANG_WARN_UNGUARDED_AVAILABILITY = YES_AGGRESSIVE;
				CLANG_WARN_UNREACHABLE_CODE = YES;
				CLANG_WARN__DUPLICATE_METHOD_MATCH = YES;
				COPY_PHASE_STRIP = NO;
				DEBUG_INFORMATION_FORMAT = dwarf;
				ENABLE_STRICT_OBJC_MSGSEND = YES;
				ENABLE_TESTABILITY = YES;
				ENABLE_USER_SCRIPT_SANDBOXING = YES;
				GCC_C_LANGUAGE_STANDARD = gnu17;
				GCC_DYNAMIC_NO_PIC = NO;
				GCC_NO_COMMON_BLOCKS = YES;
				GCC_OPTIMIZATION_LEVEL = 0;
				GCC_PREPROCESSOR_DEFINITIONS = (
					"DEBUG=1",
					"$(inherited)",
				);
				GCC_WARN_64_TO_32_BIT_CONVERSION = YES;
				GCC_WARN_ABOUT_RETURN_TYPE = YES_ERROR;
				GCC_WARN_UNDECLARED_SELECTOR = YES;
				GCC_WARN_UNINITIALIZED_AUTOS = YES_AGGRESSIVE;
				GCC_WARN_UNUSED_FUNCTION = YES;
				GCC_WARN_UNUSED_VARIABLE = YES;
				LOCALIZATION_PREFERS_STRING_CATALOGS = YES;
				MTL_ENABLE_DEBUG_INFO = INCLUDE_SOURCE;
				MTL_FAST_MATH = YES;
				ONLY_ACTIVE_ARCH = YES;
				SWIFT_ACTIVE_COMPILATION_CONDITIONS = "DEBUG $(inherited)";
				SWIFT_OPTIMIZATION_LEVEL = "-Onone";
			};
			name = Debug;
		};
		2B53CBA42B94D3E10082C8E0 /* Release */ = {
			isa = XCBuildConfiguration;
			buildSettings = {
				ALWAYS_SEARCH_USER_PATHS = NO;
				ASSETCATALOG_COMPILER_GENERATE_SWIFT_ASSET_SYMBOL_EXTENSIONS = YES;
				CLANG_ANALYZER_NONNULL = YES;
				CLANG_ANALYZER_NUMBER_OBJECT_CONVERSION = YES_AGGRESSIVE;
				CLANG_CXX_LANGUAGE_STANDARD = "gnu++20";
				CLANG_ENABLE_MODULES = YES;
				CLANG_ENABLE_OBJC_ARC = YES;
				CLANG_ENABLE_OBJC_WEAK = YES;
				CLANG_WARN_BLOCK_CAPTURE_AUTORELEASING = YES;
				CLANG_WARN_BOOL_CONVERSION = YES;
				CLANG_WARN_COMMA = YES;
				CLANG_WARN_CONSTANT_CONVERSION = YES;
				CLANG_WARN_DEPRECATED_OBJC_IMPLEMENTATIONS = YES;
				CLANG_WARN_DIRECT_OBJC_ISA_USAGE = YES_ERROR;
				CLANG_WARN_DOCUMENTATION_COMMENTS = YES;
				CLANG_WARN_EMPTY_BODY = YES;
				CLANG_WARN_ENUM_CONVERSION = YES;
				CLANG_WARN_INFINITE_RECURSION = YES;
				CLANG_WARN_INT_CONVERSION = YES;
				CLANG_WARN_NON_LITERAL_NULL_CONVERSION = YES;
				CLANG_WARN_OBJC_IMPLICIT_RETAIN_SELF = YES;
				CLANG_WARN_OBJC_LITERAL_CONVERSION = YES;
				CLANG_WARN_OBJC_ROOT_CLASS = YES_ERROR;
				CLANG_WARN_QUOTED_INCLUDE_IN_FRAMEWORK_HEADER = YES;
				CLANG_WARN_RANGE_LOOP_ANALYSIS = YES;
				CLANG_WARN_STRICT_PROTOTYPES = YES;
				CLANG_WARN_SUSPICIOUS_MOVE = YES;
				CLANG_WARN_UNGUARDED_AVAILABILITY = YES_AGGRESSIVE;
				CLANG_WARN_UNREACHABLE_CODE = YES;
				CLANG_WARN__DUPLICATE_METHOD_MATCH = YES;
				COPY_PHASE_STRIP = NO;
				DEBUG_INFORMATION_FORMAT = "dwarf-with-dsym";
				ENABLE_NS_ASSERTIONS = NO;
				ENABLE_STRICT_OBJC_MSGSEND = YES;
				ENABLE_USER_SCRIPT_SANDBOXING = YES;
				GCC_C_LANGUAGE_STANDARD = gnu17;
				GCC_NO_COMMON_BLOCKS = YES;
				GCC_WARN_64_TO_32_BIT_CONVERSION = YES;
				GCC_WARN_ABOUT_RETURN_TYPE = YES_ERROR;
				GCC_WARN_UNDECLARED_SELECTOR = YES;
				GCC_WARN_UNINITIALIZED_AUTOS = YES_AGGRESSIVE;
				GCC_WARN_UNUSED_FUNCTION = YES;
				GCC_WARN_UNUSED_VARIABLE = YES;
				LOCALIZATION_PREFERS_STRING_CATALOGS = YES;
				MTL_ENABLE_DEBUG_INFO = NO;
				MTL_FAST_MATH = YES;
				SWIFT_COMPILATION_MODE = wholemodule;
			};
			name = Release;
		};
		2B53CBA62B94D3E10082C8E0 /* Debug */ = {
			isa = XCBuildConfiguration;
			buildSettings = {
				ASSETCATALOG_COMPILER_APPICON_NAME = AppIcon;
				ASSETCATALOG_COMPILER_GLOBAL_ACCENT_COLOR_NAME = AccentColor;
				CODE_SIGN_ENTITLEMENTS = Landmarks/Landmarks.entitlements;
				CODE_SIGN_STYLE = Automatic;
				CURRENT_PROJECT_VERSION = 1;
				DEVELOPMENT_ASSET_PATHS = "\"Landmarks/Preview Content\"";
				ENABLE_PREVIEWS = YES;
				GENERATE_INFOPLIST_FILE = YES;
				"INFOPLIST_KEY_UIApplicationSceneManifest_Generation[sdk=iphoneos*]" = YES;
				"INFOPLIST_KEY_UIApplicationSceneManifest_Generation[sdk=iphonesimulator*]" = YES;
				"INFOPLIST_KEY_UIApplicationSupportsIndirectInputEvents[sdk=iphoneos*]" = YES;
				"INFOPLIST_KEY_UIApplicationSupportsIndirectInputEvents[sdk=iphonesimulator*]" = YES;
				"INFOPLIST_KEY_UILaunchScreen_Generation[sdk=iphoneos*]" = YES;
				"INFOPLIST_KEY_UILaunchScreen_Generation[sdk=iphonesimulator*]" = YES;
				"INFOPLIST_KEY_UIStatusBarStyle[sdk=iphoneos*]" = UIStatusBarStyleDefault;
				"INFOPLIST_KEY_UIStatusBarStyle[sdk=iphonesimulator*]" = UIStatusBarStyleDefault;
				INFOPLIST_KEY_UISupportedInterfaceOrientations_iPad = "UIInterfaceOrientationPortrait UIInterfaceOrientationPortraitUpsideDown UIInterfaceOrientationLandscapeLeft UIInterfaceOrientationLandscapeRight";
				INFOPLIST_KEY_UISupportedInterfaceOrientations_iPhone = "UIInterfaceOrientationPortrait UIInterfaceOrientationLandscapeLeft UIInterfaceOrientationLandscapeRight";
				IPHONEOS_DEPLOYMENT_TARGET = 17.2;
				LD_RUNPATH_SEARCH_PATHS = "@executable_path/Frameworks";
				"LD_RUNPATH_SEARCH_PATHS[sdk=macosx*]" = "@executable_path/../Frameworks";
				MACOSX_DEPLOYMENT_TARGET = 14.0;
				MARKETING_VERSION = 1.0;
				PRODUCT_BUNDLE_IDENTIFIER = com.yourpet.Landmarks;
				PRODUCT_NAME = "$(TARGET_NAME)";
				SDKROOT = auto;
				SUPPORTED_PLATFORMS = "iphoneos iphonesimulator macosx";
				SWIFT_EMIT_LOC_STRINGS = YES;
				SWIFT_VERSION = 5.0;
				TARGETED_DEVICE_FAMILY = "1,2";
			};
			name = Debug;
		};
		2B53CBA72B94D3E10082C8E0 /* Release */ = {
			isa = XCBuildConfiguration;
			buildSettings = {
				ASSETCATALOG_COMPILER_APPICON_NAME = AppIcon;
				ASSETCATALOG_COMPILER_GLOBAL_ACCENT_COLOR_NAME = AccentColor;
				CODE_SIGN_ENTITLEMENTS = Landmarks/Landmarks.entitlements;
				CODE_SIGN_STYLE = Automatic;
				CURRENT_PROJECT_VERSION = 1;
				DEVELOPMENT_ASSET_PATHS = "\"Landmarks/Preview Content\"";
				ENABLE_PREVIEWS = YES;
				GENERATE_INFOPLIST_FILE = YES;
				"INFOPLIST_KEY_UIApplicationSceneManifest_Generation[sdk=iphoneos*]" = YES;
				"INFOPLIST_KEY_UIApplicationSceneManifest_Generation[sdk=iphonesimulator*]" = YES;
				"INFOPLIST_KEY_UIApplicationSupportsIndirectInputEvents[sdk=iphoneos*]" = YES;
				"INFOPLIST_KEY_UIApplicationSupportsIndirectInputEvents[sdk=iphonesimulator*]" = YES;
				"INFOPLIST_KEY_UILaunchScreen_Generation[sdk=iphoneos*]" = YES;
				"INFOPLIST_KEY_UILaunchScreen_Generation[sdk=iphonesimulator*]" = YES;
				"INFOPLIST_KEY_UIStatusBarStyle[sdk=iphoneos*]" = UIStatusBarStyleDefault;
				"INFOPLIST_KEY_UIStatusBarStyle[sdk=iphonesimulator*]" = UIStatusBarStyleDefault;
				INFOPLIST_KEY_UISupportedInterfaceOrientations_iPad = "UIInterfaceOrientationPortrait UIInterfaceOrientationPortraitUpsideDown UIInterfaceOrientationLandscapeLeft UIInterfaceOrientationLandscapeRight";
				INFOPLIST_KEY_UISupportedInterfaceOrientations_iPhone = "UIInterfaceOrientationPortrait UIInterfaceOrientationLandscapeLeft UIInterfaceOrientationLandscapeRight";
				IPHONEOS_DEPLOYMENT_TARGET = 17.2;
				LD_RUNPATH_SEARCH_PATHS = "@executable_path/Frameworks";
				"LD_RUNPATH_SEARCH_PATHS[sdk=macosx*]" = "@executable_path/../Frameworks";
				MACOSX_DEPLOYMENT_TARGET = 14.0;
				MARKETING_VERSION = 1.0;
				PRODUCT_BUNDLE_IDENTIFIER = com.yourpet.Landmarks;
				PRODUCT_NAME = "$(TARGET_NAME)";
				SDKROOT = auto;
				SUPPORTED_PLATFORMS = "iphoneos iphonesimulator macosx";
				SWIFT_EMIT_LOC_STRINGS = YES;
				SWIFT_VERSION = 5.0;
				TARGETED_DEVICE_FAMILY = "1,2";
			};
			name = Release;
		};
		2B53CBA92B94D3E10082C8E0 /* Debug */ = {
			isa = XCBuildConfiguration;
			buildSettings = {
				ALWAYS_EMBED_SWIFT_STANDARD_LIBRARIES = YES;
				BUNDLE_LOADER = "$(TEST_HOST)";
				CODE_SIGN_STYLE = Automatic;
				CURRENT_PROJECT_VERSION = 1;
				GENERATE_INFOPLIST_FILE = YES;
				IPHONEOS_DEPLOYMENT_TARGET = 17.2;
				MACOSX_DEPLOYMENT_TARGET = 14.0;
				MARKETING_VERSION = 1.0;
				PRODUCT_BUNDLE_IDENTIFIER = com.yourpet.LandmarksTests;
				PRODUCT_NAME = "$(TARGET_NAME)";
				SDKROOT = auto;
				SUPPORTED_PLATFORMS = "iphoneos iphonesimulator macosx";
				SWIFT_EMIT_LOC_STRINGS = NO;
				SWIFT_VERSION = 5.0;
				TARGETED_DEVICE_FAMILY = "1,2";
				TEST_HOST = "$(BUILT_PRODUCTS_DIR)/Landmarks.app/$(BUNDLE_EXECUTABLE_FOLDER_PATH)/Landmarks";
			};
			name = Debug;
		};
		2B53CBAA2B94D3E10082C8E0 /* Release */ = {
			isa = XCBuildConfiguration;
			buildSettings = {
				ALWAYS_EMBED_SWIFT_STANDARD_LIBRARIES = YES;
				BUNDLE_LOADER = "$(TEST_HOST)";
				CODE_SIGN_STYLE = Automatic;
				CURRENT_PROJECT_VERSION = 1;
				GENERATE_INFOPLIST_FILE = YES;
				IPHONEOS_DEPLOYMENT_TARGET = 17.2;
				MACOSX_DEPLOYMENT_TARGET = 14.0;
				MARKETING_VERSION = 1.0;
				PRODUCT_BUNDLE_IDENTIFIER = com.yourpet.LandmarksTests;
				PRODUCT_NAME = "$(TARGET_NAME)";
				SDKROOT = auto;
				SUPPORTED_PLATFORMS = "iphoneos iphonesimulator macosx";
				SWIFT_EMIT_LOC_STRINGS = NO;
				SWIFT_VERSION = 5.0;
				TARGETED_DEVICE_FAMILY = "1,2";
				TEST_HOST = "$(BUILT_PRODUCTS_DIR)/Landmarks.app/$(BUNDLE_EXECUTABLE_FOLDER_PATH)/Landmarks";
			};
			name = Release;
		};
		2B53CBAC2B94D3E10082C8E0 /* Debug */ = {
			isa = XCBuildConfiguration;
			buildSettings = {
				ALWAYS_EMBED_SWIFT_STANDARD_LIBRARIES = YES;
				CODE_SIGN_STYLE = Automatic;
				CURRENT_PROJECT_VERSION = 1;
				GENERATE_INFOPLIST_FILE = YES;
				IPHONEOS_DEPLOYMENT_TARGET = 17.2;
				MACOSX_DEPLOYMENT_TARGET = 14.0;
				MARKETING_VERSION = 1.0;
				PRODUCT_BUNDLE_IDENTIFIER = com.yourpet.LandmarksUITests;
				PRODUCT_NAME = "$(TARGET_NAME)";
				SDKROOT = auto;
				SUPPORTED_PLATFORMS = "iphoneos iphonesimulator macosx";
				SWIFT_EMIT_LOC_STRINGS = NO;
				SWIFT_VERSION = 5.0;
				TARGETED_DEVICE_FAMILY = "1,2";
				TEST_TARGET_NAME = Landmarks;
			};
			name = Debug;
		};
		2B53CBAD2B94D3E10082C8E0 /* Release */ = {
			isa = XCBuildConfiguration;
			buildSettings = {
				ALWAYS_EMBED_SWIFT_STANDARD_LIBRARIES = YES;
				CODE_SIGN_STYLE = Automatic;
				CURRENT_PROJECT_VERSION = 1;
				GENERATE_INFOPLIST_FILE = YES;
				IPHONEOS_DEPLOYMENT_TARGET = 17.2;
				MACOSX_DEPLOYMENT_TARGET = 14.0;
				MARKETING_VERSION = 1.0;
				PRODUCT_BUNDLE_IDENTIFIER = com.yourpet.LandmarksUITests;
				PRODUCT_NAME = "$(TARGET_NAME)";
				SDKROOT = auto;
				SUPPORTED_PLATFORMS = "iphoneos iphonesimulator macosx";
				SWIFT_EMIT_LOC_STRINGS = NO;
				SWIFT_VERSION = 5.0;
				TARGETED_DEVICE_FAMILY = "1,2";
				TEST_TARGET_NAME = Landmarks;
			};
			name = Release;
		};
/* End XCBuildConfiguration section */

/* Begin XCConfigurationList section */
		2B53CB762B94D3E00082C8E0 /* Build configuration list for PBXProject "Landmarks" */ = {
			isa = XCConfigurationList;
			buildConfigurations = (
				2B53CBA32B94D3E10082C8E0 /* Debug */,
				2B53CBA42B94D3E10082C8E0 /* Release */,
			);
			defaultConfigurationIsVisible = 0;
			defaultConfigurationName = Release;
		};
		2B53CBA52B94D3E10082C8E0 /* Build configuration list for PBXNativeTarget "Landmarks" */ = {
			isa = XCConfigurationList;
			buildConfigurations = (
				2B53CBA62B94D3E10082C8E0 /* Debug */,
				2B53CBA72B94D3E10082C8E0 /* Release */,
			);
			defaultConfigurationIsVisible = 0;
			defaultConfigurationName = Release;
		};
		2B53CBA82B94D3E10082C8E0 /* Build configuration list for PBXNativeTarget "LandmarksTests" */ = {
			isa = XCConfigurationList;
			buildConfigurations = (
				2B53CBA92B94D3E10082C8E0 /* Debug */,
				2B53CBAA2B94D3E10082C8E0 /* Release */,
			);
			defaultConfigurationIsVisible = 0;
			defaultConfigurationName = Release;
		};
		2B53CBAB2B94D3E10082C8E0 /* Build configuration list for PBXNativeTarget "LandmarksUITests" */ = {
			isa = XCConfigurationList;
			buildConfigurations = (
				2B53CBAC2B94D3E10082C8E0 /* Debug */,
				2B53CBAD2B94D3E10082C8E0 /* Release */,
			);
			defaultConfigurationIsVisible = 0;
			defaultConfigurationName = Release;
		};
/* End XCConfigurationList section */

/* Begin XCVersionGroup section */
		2B53CB822B94D3E00082C8E0 /* Landmarks.xcdatamodeld */ = {
			isa = XCVersionGroup;
			children = (
				2B53CB832B94D3E00082C8E0 /* Landmarks.xcdatamodel */,
			);
			currentVersion = 2B53CB832B94D3E00082C8E0 /* Landmarks.xcdatamodel */;
			path = Landmarks.xcdatamodeld;
			sourceTree = "<group>";
			versionGroupType = wrapper.xcdatamodel;
		};
/* End XCVersionGroup section */
	};
	rootObject = 2B53CB732B94D3E00082C8E0 /* Project object */;
}
